{
    "_readme": [
        "This file locks the dependencies of your project to a known state",
        "Read more about it at https://getcomposer.org/doc/01-basic-usage.md#composer-lock-the-lock-file",
        "This file is @generated automatically"
    ],
    "content-hash": "b3690ec4a61871b649fd008bd0c14e02",
    "packages": [
        {
            "name": "atlas/pdo",
            "version": "1.1.0",
            "source": {
                "type": "git",
                "url": "https://github.com/atlasphp/Atlas.Pdo.git",
                "reference": "3fad08d7732b0760b7706c65bc727426483610dd"
            },
            "dist": {
                "type": "zip",
                "url": "https://api.github.com/repos/atlasphp/Atlas.Pdo/zipball/3fad08d7732b0760b7706c65bc727426483610dd",
                "reference": "3fad08d7732b0760b7706c65bc727426483610dd",
                "shasum": ""
            },
            "require": {
                "php": ">=7.1"
            },
            "require-dev": {
                "pds/skeleton": "~1.0",
                "phpunit/phpunit": "~7.0"
            },
            "type": "library",
            "autoload": {
                "psr-4": {
                    "Atlas\\Pdo\\": "src/"
                }
            },
            "notification-url": "https://packagist.org/downloads/",
            "license": [
                "MIT"
            ],
            "authors": [
                {
                    "name": "Atlas.Pdo Contributors",
                    "homepage": "https://github.com/atlasphp/Atlas.Pdo/contributors"
                }
            ],
            "description": "Provides a PDO instance decorator with convenience methods, and a connection manager.",
            "homepage": "https://github.com/atlasphp/Atlas.Pdo",
            "keywords": [
                "Connection",
                "database",
                "pdo",
                "sql"
            ],
            "time": "2018-08-08T13:04:27+00:00"
        },
        {
            "name": "atlas/query",
            "version": "1.2.0",
            "source": {
                "type": "git",
                "url": "https://github.com/atlasphp/Atlas.Query.git",
                "reference": "6b3e6fcc6ca9be8ac1685cfe8ccecf90e03e68dc"
            },
            "dist": {
                "type": "zip",
                "url": "https://api.github.com/repos/atlasphp/Atlas.Query/zipball/6b3e6fcc6ca9be8ac1685cfe8ccecf90e03e68dc",
                "reference": "6b3e6fcc6ca9be8ac1685cfe8ccecf90e03e68dc",
                "shasum": ""
            },
            "require": {
                "atlas/pdo": "~1.0",
                "php": ">=7.1"
            },
            "require-dev": {
                "pds/skeleton": "~1.0",
                "phpunit/phpunit": "~7.0"
            },
            "type": "library",
            "autoload": {
                "psr-4": {
                    "Atlas\\Query\\": "src/"
                }
            },
            "notification-url": "https://packagist.org/downloads/",
            "license": [
                "MIT"
            ],
            "authors": [
                {
                    "name": "Atlas.Query Contributors",
                    "homepage": "https://github.com/atlasphp/Atlas.Query/contributors"
                }
            ],
            "description": "Object-oriented query builders for MySQL, Postgres, SQLite, and SQLServer.",
            "homepage": "https://github.com/atlasphp/Atlas.Query",
            "keywords": [
                "database",
                "db",
                "delete",
                "dml",
                "insert",
                "mysql",
                "pdo",
                "pgsql",
                "postgres",
                "postgresql",
                "query",
                "select",
                "sql",
                "sql server",
                "sqlite",
                "sqlserver",
                "update"
            ],
            "time": "2018-08-12T14:19:01+00:00"
        }
    ],
    "packages-dev": [],
    "aliases": [],
    "minimum-stability": "stable",
    "stability-flags": [],
    "prefer-stable": false,
    "prefer-lowest": false,
    "platform": [],
    "platform-dev": []
}
